
Microsoft Visual Studio Solution File, Format Version 12.00
# Visual Studio Version 17
VisualStudioVersion = 17.0.32112.339
MinimumVisualStudioVersion = 10.0.40219.1
Project("{9A19103F-16F7-4668-BE54-9A1E7A4F7556}") = "NetworkMonitor.Common", "NetworkMonitor.Common\NetworkMonitor.Common.csproj", "{5DE15FC2-C101-4412-9A3C-ACE1BBDA930D}"
EndProject
Project("{9A19103F-16F7-4668-BE54-9A1E7A4F7556}") = "NetworkMonitor.Implementation", "NetworkMonitor.Implementation\NetworkMonitor.Implementation.csproj", "{44D19AE9-0EA8-4281-8BCF-1FC2AE8F1A5E}"
EndProject
Project("{9A19103F-16F7-4668-BE54-9A1E7A4F7556}") = "NetworkMonitor.Tests", "NetworkMonitor.Tests\NetworkMonitor.Tests.csproj", "{83223B1A-6CFB-4B1D-91FB-54A42B26354B}"
EndProject
Project("{9A19103F-16F7-4668-BE54-9A1E7A4F7556}") = "NetworkMonitor.WindowsService", "NetworkMonitor.WindowsService\NetworkMonitor.WindowsService.csproj", "{6F4A0007-446E-4F97-80AB-921BEC3D6C74}"
EndProject
Project("{FAE04EC0-301F-11D3-BF4B-00C04F79EFBC}") = "NetworkMonitor.Api", "NetworkMonitor.Api\NetworkMonitor.Api.csproj", "{16F3D70F-CA44-49B1-B3D9-F43F8D9B431C}"
EndProject
Global
	GlobalSection(SolutionConfigurationPlatforms) = preSolution
		Debug|Any CPU = Debug|Any CPU
		Release|Any CPU = Release|Any CPU
	EndGlobalSection
	GlobalSection(ProjectConfigurationPlatforms) = postSolution
		{5DE15FC2-C101-4412-9A3C-ACE1BBDA930D}.Debug|Any CPU.ActiveCfg = Debug|Any CPU
		{5DE15FC2-C101-4412-9A3C-ACE1BBDA930D}.Debug|Any CPU.Build.0 = Debug|Any CPU
		{5DE15FC2-C101-4412-9A3C-ACE1BBDA930D}.Release|Any CPU.ActiveCfg = Release|Any CPU
		{5DE15FC2-C101-4412-9A3C-ACE1BBDA930D}.Release|Any CPU.Build.0 = Release|Any CPU
		{44D19AE9-0EA8-4281-8BCF-1FC2AE8F1A5E}.Debug|Any CPU.ActiveCfg = Debug|Any CPU
		{44D19AE9-0EA8-4281-8BCF-1FC2AE8F1A5E}.Debug|Any CPU.Build.0 = Debug|Any CPU
		{44D19AE9-0EA8-4281-8BCF-1FC2AE8F1A5E}.Release|Any CPU.ActiveCfg = Release|Any CPU
		{44D19AE9-0EA8-4281-8BCF-1FC2AE8F1A5E}.Release|Any CPU.Build.0 = Release|Any CPU
		{83223B1A-6CFB-4B1D-91FB-54A42B26354B}.Debug|Any CPU.ActiveCfg = Debug|Any CPU
		{83223B1A-6CFB-4B1D-91FB-54A42B26354B}.Debug|Any CPU.Build.0 = Debug|Any CPU
		{83223B1A-6CFB-4B1D-91FB-54A42B26354B}.Release|Any CPU.ActiveCfg = Release|Any CPU
		{83223B1A-6CFB-4B1D-91FB-54A42B26354B}.Release|Any CPU.Build.0 = Release|Any CPU
		{6F4A0007-446E-4F97-80AB-921BEC3D6C74}.Debug|Any CPU.ActiveCfg = Debug|Any CPU
		{6F4A0007-446E-4F97-80AB-921BEC3D6C74}.Debug|Any CPU.Build.0 = Debug|Any CPU
		{6F4A0007-446E-4F97-80AB-921BEC3D6C74}.Release|Any CPU.ActiveCfg = Release|Any CPU
		{6F4A0007-446E-4F97-80AB-921BEC3D6C74}.Release|Any CPU.Build.0 = Release|Any CPU
		{16F3D70F-CA44-49B1-B3D9-F43F8D9B431C}.Debug|Any CPU.ActiveCfg = Debug|Any CPU
		{16F3D70F-CA44-49B1-B3D9-F43F8D9B431C}.Debug|Any CPU.Build.0 = Debug|Any CPU
		{16F3D70F-CA44-49B1-B3D9-F43F8D9B431C}.Release|Any CPU.ActiveCfg = Release|Any CPU
		{16F3D70F-CA44-49B1-B3D9-F43F8D9B431C}.Release|Any CPU.Build.0 = Release|Any CPU
	EndGlobalSection
	GlobalSection(SolutionProperties) = preSolution
		HideSolutionNode = FALSE
	EndGlobalSection
	GlobalSection(ExtensibilityGlobals) = postSolution
		SolutionGuid = {4A2E1540-A4FA-4AE0-9E5E-389C896F2F06}
	EndGlobalSection
EndGlobal
